// !$*UTF8*$!
{
	archiveVersion = 1;
	classes = {
	};
	objectVersion = 50;
	objects = {

/* Begin PBXBuildFile section */
		329B394E256087E20044ABF6 /* AppDelegate.swift in Sources */ = {isa = PBXBuildFile; fileRef = 329B394D256087E20044ABF6 /* AppDelegate.swift */; };
		329B3950256087E20044ABF6 /* SceneDelegate.swift in Sources */ = {isa = PBXBuildFile; fileRef = 329B394F256087E20044ABF6 /* SceneDelegate.swift */; };
		329B3957256087E30044ABF6 /* Assets.xcassets in Resources */ = {isa = PBXBuildFile; fileRef = 329B3956256087E30044ABF6 /* Assets.xcassets */; };
		329B395A256087E30044ABF6 /* LaunchScreen.storyboard in Resources */ = {isa = PBXBuildFile; fileRef = 329B3958256087E30044ABF6 /* LaunchScreen.storyboard */; };
		329B399925608E4D0044ABF6 /* AppCoordinator.swift in Sources */ = {isa = PBXBuildFile; fileRef = 329B399825608E4D0044ABF6 /* AppCoordinator.swift */; };
		329B399F25608FE70044ABF6 /* ProductsServiceable.swift in Sources */ = {isa = PBXBuildFile; fileRef = 329B399E25608FE70044ABF6 /* ProductsServiceable.swift */; };
		329B39A3256090420044ABF6 /* ProductsService.swift in Sources */ = {isa = PBXBuildFile; fileRef = 329B39A2256090420044ABF6 /* ProductsService.swift */; };
		329B39AB256094F50044ABF6 /* Product.swift in Sources */ = {isa = PBXBuildFile; fileRef = 329B39AA256094F50044ABF6 /* Product.swift */; };
		329B39B1256095940044ABF6 /* ServerResponse.swift in Sources */ = {isa = PBXBuildFile; fileRef = 329B39B0256095940044ABF6 /* ServerResponse.swift */; };
		329B39BF25609B990044ABF6 /* ProductsViewController.swift in Sources */ = {isa = PBXBuildFile; fileRef = 329B39BD25609B990044ABF6 /* ProductsViewController.swift */; };
		329B39C025609B990044ABF6 /* ProductsViewController.xib in Resources */ = {isa = PBXBuildFile; fileRef = 329B39BE25609B990044ABF6 /* ProductsViewController.xib */; };
		329B39C525609C160044ABF6 /* ProductTableViewCell.swift in Sources */ = {isa = PBXBuildFile; fileRef = 329B39C325609C160044ABF6 /* ProductTableViewCell.swift */; };
		329B39C625609C160044ABF6 /* ProductTableViewCell.xib in Resources */ = {isa = PBXBuildFile; fileRef = 329B39C425609C160044ABF6 /* ProductTableViewCell.xib */; };
		329B39CA2560A3C10044ABF6 /* ImageDownloader.swift in Sources */ = {isa = PBXBuildFile; fileRef = 329B39C92560A3C10044ABF6 /* ImageDownloader.swift */; };
		329B39CE2560A4250044ABF6 /* CachedImageDownloader.swift in Sources */ = {isa = PBXBuildFile; fileRef = 329B39CD2560A4250044ABF6 /* CachedImageDownloader.swift */; };
		329B39D32560A9010044ABF6 /* ProductDetailViewController.swift in Sources */ = {isa = PBXBuildFile; fileRef = 329B39D12560A9000044ABF6 /* ProductDetailViewController.swift */; };
		329B39D42560A9010044ABF6 /* ProductDetailViewController.xib in Resources */ = {isa = PBXBuildFile; fileRef = 329B39D22560A9000044ABF6 /* ProductDetailViewController.xib */; };
		329B39D82560ABDC0044ABF6 /* ProductTests.swift in Sources */ = {isa = PBXBuildFile; fileRef = 329B39D72560ABDC0044ABF6 /* ProductTests.swift */; };
/* End PBXBuildFile section */

/* Begin PBXContainerItemProxy section */
		329B3961256087E30044ABF6 /* PBXContainerItemProxy */ = {
			isa = PBXContainerItemProxy;
			containerPortal = 329B3942256087E20044ABF6 /* Project object */;
			proxyType = 1;
			remoteGlobalIDString = 329B3949256087E20044ABF6;
			remoteInfo = MomenryTest;
		};
/* End PBXContainerItemProxy section */

/* Begin PBXFileReference section */
		329B394A256087E20044ABF6 /* MomenryTest.app */ = {isa = PBXFileReference; explicitFileType = wrapper.application; includeInIndex = 0; path = MomenryTest.app; sourceTree = BUILT_PRODUCTS_DIR; };
		329B394D256087E20044ABF6 /* AppDelegate.swift */ = {isa = PBXFileReference; lastKnownFileType = sourcecode.swift; path = AppDelegate.swift; sourceTree = "<group>"; };
		329B394F256087E20044ABF6 /* SceneDelegate.swift */ = {isa = PBXFileReference; lastKnownFileType = sourcecode.swift; path = SceneDelegate.swift; sourceTree = "<group>"; };
		329B3956256087E30044ABF6 /* Assets.xcassets */ = {isa = PBXFileReference; lastKnownFileType = folder.assetcatalog; path = Assets.xcassets; sourceTree = "<group>"; };
		329B3959256087E30044ABF6 /* Base */ = {isa = PBXFileReference; lastKnownFileType = file.storyboard; name = Base; path = Base.lproj/LaunchScreen.storyboard; sourceTree = "<group>"; };
		329B395B256087E30044ABF6 /* Info.plist */ = {isa = PBXFileReference; lastKnownFileType = text.plist.xml; path = Info.plist; sourceTree = "<group>"; };
		329B3960256087E30044ABF6 /* MomenryTestTests.xctest */ = {isa = PBXFileReference; explicitFileType = wrapper.cfbundle; includeInIndex = 0; path = MomenryTestTests.xctest; sourceTree = BUILT_PRODUCTS_DIR; };
		329B3966256087E30044ABF6 /* Info.plist */ = {isa = PBXFileReference; lastKnownFileType = text.plist.xml; path = Info.plist; sourceTree = "<group>"; };
		329B399825608E4D0044ABF6 /* AppCoordinator.swift */ = {isa = PBXFileReference; lastKnownFileType = sourcecode.swift; path = AppCoordinator.swift; sourceTree = "<group>"; };
		329B399E25608FE70044ABF6 /* ProductsServiceable.swift */ = {isa = PBXFileReference; lastKnownFileType = sourcecode.swift; path = ProductsServiceable.swift; sourceTree = "<group>"; };
		329B39A2256090420044ABF6 /* ProductsService.swift */ = {isa = PBXFileReference; lastKnownFileType = sourcecode.swift; path = ProductsService.swift; sourceTree = "<group>"; };
		329B39AA256094F50044ABF6 /* Product.swift */ = {isa = PBXFileReference; lastKnownFileType = sourcecode.swift; path = Product.swift; sourceTree = "<group>"; };
		329B39B0256095940044ABF6 /* ServerResponse.swift */ = {isa = PBXFileReference; lastKnownFileType = sourcecode.swift; path = ServerResponse.swift; sourceTree = "<group>"; };
		329B39BD25609B990044ABF6 /* ProductsViewController.swift */ = {isa = PBXFileReference; lastKnownFileType = sourcecode.swift; path = ProductsViewController.swift; sourceTree = "<group>"; };
		329B39BE25609B990044ABF6 /* ProductsViewController.xib */ = {isa = PBXFileReference; lastKnownFileType = file.xib; path = ProductsViewController.xib; sourceTree = "<group>"; };
		329B39C325609C160044ABF6 /* ProductTableViewCell.swift */ = {isa = PBXFileReference; lastKnownFileType = sourcecode.swift; path = ProductTableViewCell.swift; sourceTree = "<group>"; };
		329B39C425609C160044ABF6 /* ProductTableViewCell.xib */ = {isa = PBXFileReference; lastKnownFileType = file.xib; path = ProductTableViewCell.xib; sourceTree = "<group>"; };
		329B39C92560A3C10044ABF6 /* ImageDownloader.swift */ = {isa = PBXFileReference; lastKnownFileType = sourcecode.swift; path = ImageDownloader.swift; sourceTree = "<group>"; };
		329B39CD2560A4250044ABF6 /* CachedImageDownloader.swift */ = {isa = PBXFileReference; lastKnownFileType = sourcecode.swift; path = CachedImageDownloader.swift; sourceTree = "<group>"; };
		329B39D12560A9000044ABF6 /* ProductDetailViewController.swift */ = {isa = PBXFileReference; lastKnownFileType = sourcecode.swift; path = ProductDetailViewController.swift; sourceTree = "<group>"; };
		329B39D22560A9000044ABF6 /* ProductDetailViewController.xib */ = {isa = PBXFileReference; lastKnownFileType = file.xib; path = ProductDetailViewController.xib; sourceTree = "<group>"; };
		329B39D72560ABDC0044ABF6 /* ProductTests.swift */ = {isa = PBXFileReference; lastKnownFileType = sourcecode.swift; path = ProductTests.swift; sourceTree = "<group>"; };
/* End PBXFileReference section */

/* Begin PBXFrameworksBuildPhase section */
		329B3947256087E20044ABF6 /* Frameworks */ = {
			isa = PBXFrameworksBuildPhase;
			buildActionMask = 2147483647;
			files = (
			);
			runOnlyForDeploymentPostprocessing = 0;
		};
		329B395D256087E30044ABF6 /* Frameworks */ = {
			isa = PBXFrameworksBuildPhase;
			buildActionMask = 2147483647;
			files = (
			);
			runOnlyForDeploymentPostprocessing = 0;
		};
/* End PBXFrameworksBuildPhase section */

/* Begin PBXGroup section */
		329B3941256087E20044ABF6 = {
			isa = PBXGroup;
			children = (
				329B394C256087E20044ABF6 /* MomenryTest */,
				329B3963256087E30044ABF6 /* MomenryTestTests */,
				329B394B256087E20044ABF6 /* Products */,
			);
			sourceTree = "<group>";
		};
		329B394B256087E20044ABF6 /* Products */ = {
			isa = PBXGroup;
			children = (
				329B394A256087E20044ABF6 /* MomenryTest.app */,
				329B3960256087E30044ABF6 /* MomenryTestTests.xctest */,
			);
			name = Products;
			sourceTree = "<group>";
		};
		329B394C256087E20044ABF6 /* MomenryTest */ = {
			isa = PBXGroup;
			children = (
				329B399825608E4D0044ABF6 /* AppCoordinator.swift */,
				329B394D256087E20044ABF6 /* AppDelegate.swift */,
				329B394F256087E20044ABF6 /* SceneDelegate.swift */,
				329B39B425609AE10044ABF6 /* Views */,
				329B39A9256094DA0044ABF6 /* Model */,
				329B39A8256094850044ABF6 /* Networking */,
				329B3956256087E30044ABF6 /* Assets.xcassets */,
				329B3958256087E30044ABF6 /* LaunchScreen.storyboard */,
				329B395B256087E30044ABF6 /* Info.plist */,
			);
			path = MomenryTest;
			sourceTree = "<group>";
		};
		329B3963256087E30044ABF6 /* MomenryTestTests */ = {
			isa = PBXGroup;
			children = (
				329B3966256087E30044ABF6 /* Info.plist */,
				329B39D72560ABDC0044ABF6 /* ProductTests.swift */,
			);
			path = MomenryTestTests;
			sourceTree = "<group>";
		};
		329B39A8256094850044ABF6 /* Networking */ = {
			isa = PBXGroup;
			children = (
				329B399E25608FE70044ABF6 /* ProductsServiceable.swift */,
				329B39A2256090420044ABF6 /* ProductsService.swift */,
				329B39B0256095940044ABF6 /* ServerResponse.swift */,
				329B39C92560A3C10044ABF6 /* ImageDownloader.swift */,
				329B39CD2560A4250044ABF6 /* CachedImageDownloader.swift */,
			);
			path = Networking;
			sourceTree = "<group>";
		};
		329B39A9256094DA0044ABF6 /* Model */ = {
			isa = PBXGroup;
			children = (
				329B39AA256094F50044ABF6 /* Product.swift */,
			);
			path = Model;
			sourceTree = "<group>";
		};
		329B39B425609AE10044ABF6 /* Views */ = {
			isa = PBXGroup;
			children = (
				329B39BD25609B990044ABF6 /* ProductsViewController.swift */,
				329B39BE25609B990044ABF6 /* ProductsViewController.xib */,
				329B39C325609C160044ABF6 /* ProductTableViewCell.swift */,
				329B39C425609C160044ABF6 /* ProductTableViewCell.xib */,
				329B39D12560A9000044ABF6 /* ProductDetailViewController.swift */,
				329B39D22560A9000044ABF6 /* ProductDetailViewController.xib */,
			);
			path = Views;
			sourceTree = "<group>";
		};
/* End PBXGroup section */

/* Begin PBXNativeTarget section */
		329B3949256087E20044ABF6 /* MomenryTest */ = {
			isa = PBXNativeTarget;
			buildConfigurationList = 329B3974256087E30044ABF6 /* Build configuration list for PBXNativeTarget "MomenryTest" */;
			buildPhases = (
				329B399525608B390044ABF6 /* Swiftlint */,
				329B3946256087E20044ABF6 /* Sources */,
				329B3947256087E20044ABF6 /* Frameworks */,
				329B3948256087E20044ABF6 /* Resources */,
			);
			buildRules = (
			);
			dependencies = (
			);
			name = MomenryTest;
			productName = MomenryTest;
			productReference = 329B394A256087E20044ABF6 /* MomenryTest.app */;
			productType = "com.apple.product-type.application";
		};
		329B395F256087E30044ABF6 /* MomenryTestTests */ = {
			isa = PBXNativeTarget;
			buildConfigurationList = 329B3977256087E30044ABF6 /* Build configuration list for PBXNativeTarget "MomenryTestTests" */;
			buildPhases = (
				329B395C256087E30044ABF6 /* Sources */,
				329B395D256087E30044ABF6 /* Frameworks */,
				329B395E256087E30044ABF6 /* Resources */,
			);
			buildRules = (
			);
			dependencies = (
				329B3962256087E30044ABF6 /* PBXTargetDependency */,
			);
			name = MomenryTestTests;
			productName = MomenryTestTests;
			productReference = 329B3960256087E30044ABF6 /* MomenryTestTests.xctest */;
			productType = "com.apple.product-type.bundle.unit-test";
		};
/* End PBXNativeTarget section */

/* Begin PBXProject section */
		329B3942256087E20044ABF6 /* Project object */ = {
			isa = PBXProject;
			attributes = {
				LastSwiftUpdateCheck = 1200;
				LastUpgradeCheck = 1200;
				TargetAttributes = {
					329B3949256087E20044ABF6 = {
						CreatedOnToolsVersion = 12.0;
					};
					329B395F256087E30044ABF6 = {
						CreatedOnToolsVersion = 12.0;
						TestTargetID = 329B3949256087E20044ABF6;
					};
				};
			};
			buildConfigurationList = 329B3945256087E20044ABF6 /* Build configuration list for PBXProject "MomenryTest" */;
			compatibilityVersion = "Xcode 9.3";
			developmentRegion = en;
			hasScannedForEncodings = 0;
			knownRegions = (
				en,
				Base,
			);
			mainGroup = 329B3941256087E20044ABF6;
			productRefGroup = 329B394B256087E20044ABF6 /* Products */;
			projectDirPath = "";
			projectRoot = "";
			targets = (
				329B3949256087E20044ABF6 /* MomenryTest */,
				329B395F256087E30044ABF6 /* MomenryTestTests */,
			);
		};
/* End PBXProject section */

/* Begin PBXResourcesBuildPhase section */
		329B3948256087E20044ABF6 /* Resources */ = {
			isa = PBXResourcesBuildPhase;
			buildActionMask = 2147483647;
			files = (
				329B395A256087E30044ABF6 /* LaunchScreen.storyboard in Resources */,
				329B39C625609C160044ABF6 /* ProductTableViewCell.xib in Resources */,
				329B3957256087E30044ABF6 /* Assets.xcassets in Resources */,
				329B39D42560A9010044ABF6 /* ProductDetailViewController.xib in Resources */,
				329B39C025609B990044ABF6 /* ProductsViewController.xib in Resources */,
			);
			runOnlyForDeploymentPostprocessing = 0;
		};
		329B395E256087E30044ABF6 /* Resources */ = {
			isa = PBXResourcesBuildPhase;
			buildActionMask = 2147483647;
			files = (
			);
			runOnlyForDeploymentPostprocessing = 0;
		};
/* End PBXResourcesBuildPhase section */

/* Begin PBXShellScriptBuildPhase section */
		329B399525608B390044ABF6 /* Swiftlint */ = {
			isa = PBXShellScriptBuildPhase;
			buildActionMask = 2147483647;
			files = (
			);
			inputFileListPaths = (
			);
			inputPaths = (
			);
			name = Swiftlint;
			outputFileListPaths = (
			);
			outputPaths = (
			);
			runOnlyForDeploymentPostprocessing = 0;
			shellPath = /bin/sh;
			shellScript = "if which swiftlint >/dev/null; then\n  swiftlint\nelse\n  echo \"warning: SwiftLint not installed, download from https://github.com/realm/SwiftLint\"\nfi\n";
		};
/* End PBXShellScriptBuildPhase section */

/* Begin PBXSourcesBuildPhase section */
		329B3946256087E20044ABF6 /* Sources */ = {
			isa = PBXSourcesBuildPhase;
			buildActionMask = 2147483647;
			files = (
				329B39CE2560A4250044ABF6 /* CachedImageDownloader.swift in Sources */,
				329B399925608E4D0044ABF6 /* AppCoordinator.swift in Sources */,
				329B399F25608FE70044ABF6 /* ProductsServiceable.swift in Sources */,
				329B39C525609C160044ABF6 /* ProductTableViewCell.swift in Sources */,
				329B39BF25609B990044ABF6 /* ProductsViewController.swift in Sources */,
				329B39D32560A9010044ABF6 /* ProductDetailViewController.swift in Sources */,
				329B394E256087E20044ABF6 /* AppDelegate.swift in Sources */,
				329B3950256087E20044ABF6 /* SceneDelegate.swift in Sources */,
				329B39CA2560A3C10044ABF6 /* ImageDownloader.swift in Sources */,
				329B39B1256095940044ABF6 /* ServerResponse.swift in Sources */,
				329B39A3256090420044ABF6 /* ProductsService.swift in Sources */,
				329B39AB256094F50044ABF6 /* Product.swift in Sources */,
			);
			runOnlyForDeploymentPostprocessing = 0;
		};
		329B395C256087E30044ABF6 /* Sources */ = {
			isa = PBXSourcesBuildPhase;
			buildActionMask = 2147483647;
			files = (
				329B39D82560ABDC0044ABF6 /* ProductTests.swift in Sources */,
			);
			runOnlyForDeploymentPostprocessing = 0;
		};
/* End PBXSourcesBuildPhase section */

/* Begin PBXTargetDependency section */
		329B3962256087E30044ABF6 /* PBXTargetDependency */ = {
			isa = PBXTargetDependency;
			target = 329B3949256087E20044ABF6 /* MomenryTest */;
			targetProxy = 329B3961256087E30044ABF6 /* PBXContainerItemProxy */;
		};
/* End PBXTargetDependency section */

/* Begin PBXVariantGroup section */
		329B3958256087E30044ABF6 /* LaunchScreen.storyboard */ = {
			isa = PBXVariantGroup;
			children = (
				329B3959256087E30044ABF6 /* Base */,
			);
			name = LaunchScreen.storyboard;
			sourceTree = "<group>";
		};
/* End PBXVariantGroup section */

/* Begin XCBuildConfiguration section */
		329B3972256087E30044ABF6 /* Debug */ = {
			isa = XCBuildConfiguration;
			buildSettings = {
				ALWAYS_SEARCH_USER_PATHS = NO;
				CLANG_ANALYZER_NONNULL = YES;
				CLANG_ANALYZER_NUMBER_OBJECT_CONVERSION = YES_AGGRESSIVE;
				CLANG_CXX_LANGUAGE_STANDARD = "gnu++14";
				CLANG_CXX_LIBRARY = "libc++";
				CLANG_ENABLE_MODULES = YES;
				CLANG_ENABLE_OBJC_ARC = YES;
				CLANG_ENABLE_OBJC_WEAK = YES;
				CLANG_WARN_BLOCK_CAPTURE_AUTORELEASING = YES;
				CLANG_WARN_BOOL_CONVERSION = YES;
				CLANG_WARN_COMMA = YES;
				CLANG_WARN_CONSTANT_CONVERSION = YES;
				CLANG_WARN_DEPRECATED_OBJC_IMPLEMENTATIONS = YES;
				CLANG_WARN_DIRECT_OBJC_ISA_USAGE = YES_ERROR;
				CLANG_WARN_DOCUMENTATION_COMMENTS = YES;
				CLANG_WARN_EMPTY_BODY = YES;
				CLANG_WARN_ENUM_CONVERSION = YES;
				CLANG_WARN_INFINITE_RECURSION = YES;
				CLANG_WARN_INT_CONVERSION = YES;
				CLANG_WARN_NON_LITERAL_NULL_CONVERSION = YES;
				CLANG_WARN_OBJC_IMPLICIT_RETAIN_SELF = YES;
				CLANG_WARN_OBJC_LITERAL_CONVERSION = YES;
				CLANG_WARN_OBJC_ROOT_CLASS = YES_ERROR;
				CLANG_WARN_QUOTED_INCLUDE_IN_FRAMEWORK_HEADER = YES;
				CLANG_WARN_RANGE_LOOP_ANALYSIS = YES;
				CLANG_WARN_STRICT_PROTOTYPES = YES;
				CLANG_WARN_SUSPICIOUS_MOVE = YES;
				CLANG_WARN_UNGUARDED_AVAILABILITY = YES_AGGRESSIVE;
				CLANG_WARN_UNREACHABLE_CODE = YES;
				CLANG_WARN__DUPLICATE_METHOD_MATCH = YES;
				COPY_PHASE_STRIP = NO;
				DEBUG_INFORMATION_FORMAT = dwarf;
				ENABLE_STRICT_OBJC_MSGSEND = YES;
				ENABLE_TESTABILITY = YES;
				GCC_C_LANGUAGE_STANDARD = gnu11;
				GCC_DYNAMIC_NO_PIC = NO;
				GCC_NO_COMMON_BLOCKS = YES;
				GCC_OPTIMIZATION_LEVEL = 0;
				GCC_PREPROCESSOR_DEFINITIONS = (
					"DEBUG=1",
					"$(inherited)",
				);
				GCC_WARN_64_TO_32_BIT_CONVERSION = YES;
				GCC_WARN_ABOUT_RETURN_TYPE = YES_ERROR;
				GCC_WARN_UNDECLARED_SELECTOR = YES;
				GCC_WARN_UNINITIALIZED_AUTOS = YES_AGGRESSIVE;
				GCC_WARN_UNUSED_FUNCTION = YES;
				GCC_WARN_UNUSED_VARIABLE = YES;
				IPHONEOS_DEPLOYMENT_TARGET = 14.0;
				MTL_ENABLE_DEBUG_INFO = INCLUDE_SOURCE;
				MTL_FAST_MATH = YES;
				ONLY_ACTIVE_ARCH = YES;
				SDKROOT = iphoneos;
				SWIFT_ACTIVE_COMPILATION_CONDITIONS = DEBUG;
				SWIFT_OPTIMIZATION_LEVEL = "-Onone";
			};
			name = Debug;
		};
		329B3973256087E30044ABF6 /* Release */ = {
			isa = XCBuildConfiguration;
			buildSettings = {
				ALWAYS_SEARCH_USER_PATHS = NO;
				CLANG_ANALYZER_NONNULL = YES;
				CLANG_ANALYZER_NUMBER_OBJECT_CONVERSION = YES_AGGRESSIVE;
				CLANG_CXX_LANGUAGE_STANDARD = "gnu++14";
				CLANG_CXX_LIBRARY = "libc++";
				CLANG_ENABLE_MODULES = YES;
				CLANG_ENABLE_OBJC_ARC = YES;
				CLANG_ENABLE_OBJC_WEAK = YES;
				CLANG_WARN_BLOCK_CAPTURE_AUTORELEASING = YES;
				CLANG_WARN_BOOL_CONVERSION = YES;
				CLANG_WARN_COMMA = YES;
				CLANG_WARN_CONSTANT_CONVERSION = YES;
				CLANG_WARN_DEPRECATED_OBJC_IMPLEMENTATIONS = YES;
				CLANG_WARN_DIRECT_OBJC_ISA_USAGE = YES_ERROR;
				CLANG_WARN_DOCUMENTATION_COMMENTS = YES;
				CLANG_WARN_EMPTY_BODY = YES;
				CLANG_WARN_ENUM_CONVERSION = YES;
				CLANG_WARN_INFINITE_RECURSION = YES;
				CLANG_WARN_INT_CONVERSION = YES;
				CLANG_WARN_NON_LITERAL_NULL_CONVERSION = YES;
				CLANG_WARN_OBJC_IMPLICIT_RETAIN_SELF = YES;
				CLANG_WARN_OBJC_LITERAL_CONVERSION = YES;
				CLANG_WARN_OBJC_ROOT_CLASS = YES_ERROR;
				CLANG_WARN_QUOTED_INCLUDE_IN_FRAMEWORK_HEADER = YES;
				CLANG_WARN_RANGE_LOOP_ANALYSIS = YES;
				CLANG_WARN_STRICT_PROTOTYPES = YES;
				CLANG_WARN_SUSPICIOUS_MOVE = YES;
				CLANG_WARN_UNGUARDED_AVAILABILITY = YES_AGGRESSIVE;
				CLANG_WARN_UNREACHABLE_CODE = YES;
				CLANG_WARN__DUPLICATE_METHOD_MATCH = YES;
				COPY_PHASE_STRIP = NO;
				DEBUG_INFORMATION_FORMAT = "dwarf-with-dsym";
				ENABLE_NS_ASSERTIONS = NO;
				ENABLE_STRICT_OBJC_MSGSEND = YES;
				GCC_C_LANGUAGE_STANDARD = gnu11;
				GCC_NO_COMMON_BLOCKS = YES;
				GCC_WARN_64_TO_32_BIT_CONVERSION = YES;
				GCC_WARN_ABOUT_RETURN_TYPE = YES_ERROR;
				GCC_WARN_UNDECLARED_SELECTOR = YES;
				GCC_WARN_UNINITIALIZED_AUTOS = YES_AGGRESSIVE;
				GCC_WARN_UNUSED_FUNCTION = YES;
				GCC_WARN_UNUSED_VARIABLE = YES;
				IPHONEOS_DEPLOYMENT_TARGET = 14.0;
				MTL_ENABLE_DEBUG_INFO = NO;
				MTL_FAST_MATH = YES;
				SDKROOT = iphoneos;
				SWIFT_COMPILATION_MODE = wholemodule;
				SWIFT_OPTIMIZATION_LEVEL = "-O";
				VALIDATE_PRODUCT = YES;
			};
			name = Release;
		};
		329B3975256087E30044ABF6 /* Debug */ = {
			isa = XCBuildConfiguration;
			buildSettings = {
				ASSETCATALOG_COMPILER_APPICON_NAME = AppIcon;
				ASSETCATALOG_COMPILER_GLOBAL_ACCENT_COLOR_NAME = AccentColor;
				CODE_SIGN_STYLE = Automatic;
				DEVELOPMENT_TEAM = 25JHVANVX3;
				INFOPLIST_FILE = MomenryTest/Info.plist;
				LD_RUNPATH_SEARCH_PATHS = (
					"$(inherited)",
					"@executable_path/Frameworks",
				);
				PRODUCT_BUNDLE_IDENTIFIER = juanj.MomenryTest;
				PRODUCT_NAME = "$(TARGET_NAME)";
				SWIFT_VERSION = 5.0;
				TARGETED_DEVICE_FAMILY = "1,2";
			};
			name = Debug;
		};
		329B3976256087E30044ABF6 /* Release */ = {
			isa = XCBuildConfiguration;
			buildSettings = {
				ASSETCATALOG_COMPILER_APPICON_NAME = AppIcon;
				ASSETCATALOG_COMPILER_GLOBAL_ACCENT_COLOR_NAME = AccentColor;
				CODE_SIGN_STYLE = Automatic;
				DEVELOPMENT_TEAM = 25JHVANVX3;
				INFOPLIST_FILE = MomenryTest/Info.plist;
				LD_RUNPATH_SEARCH_PATHS = (
					"$(inherited)",
					"@executable_path/Frameworks",
				);
				PRODUCT_BUNDLE_IDENTIFIER = juanj.MomenryTest;
				PRODUCT_NAME = "$(TARGET_NAME)";
				SWIFT_VERSION = 5.0;
				TARGETED_DEVICE_FAMILY = "1,2";
			};
			name = Release;
		};
		329B3978256087E30044ABF6 /* Debug */ = {
			isa = XCBuildConfiguration;
			buildSettings = {
				ALWAYS_EMBED_SWIFT_STANDARD_LIBRARIES = YES;
				BUNDLE_LOADER = "$(TEST_HOST)";
				CODE_SIGN_STYLE = Automatic;
				INFOPLIST_FILE = MomenryTestTests/Info.plist;
				IPHONEOS_DEPLOYMENT_TARGET = 14.0;
				LD_RUNPATH_SEARCH_PATHS = (
					"$(inherited)",
					"@executable_path/Frameworks",
					"@loader_path/Frameworks",
				);
				PRODUCT_BUNDLE_IDENTIFIER = juanj.MomenryTestTests;
				PRODUCT_NAME = "$(TARGET_NAME)";
				SWIFT_VERSION = 5.0;
				TARGETED_DEVICE_FAMILY = "1,2";
				TEST_HOST = "$(BUILT_PRODUCTS_DIR)/MomenryTest.app/MomenryTest";
			};
			name = Debug;
		};
		329B3979256087E30044ABF6 /* Release */ = {
			isa = XCBuildConfiguration;
			buildSettings = {
				ALWAYS_EMBED_SWIFT_STANDARD_LIBRARIES = YES;
				BUNDLE_LOADER = "$(TEST_HOST)";
				CODE_SIGN_STYLE = Automatic;
				INFOPLIST_FILE = MomenryTestTests/Info.plist;
				IPHONEOS_DEPLOYMENT_TARGET = 14.0;
				LD_RUNPATH_SEARCH_PATHS = (
					"$(inherited)",
					"@executable_path/Frameworks",
					"@loader_path/Frameworks",
				);
				PRODUCT_BUNDLE_IDENTIFIER = juanj.MomenryTestTests;
				PRODUCT_NAME = "$(TARGET_NAME)";
				SWIFT_VERSION = 5.0;
				TARGETED_DEVICE_FAMILY = "1,2";
				TEST_HOST = "$(BUILT_PRODUCTS_DIR)/MomenryTest.app/MomenryTest";
			};
			name = Release;
		};
/* End XCBuildConfiguration section */

/* Begin XCConfigurationList section */
		329B3945256087E20044ABF6 /* Build configuration list for PBXProject "MomenryTest" */ = {
			isa = XCConfigurationList;
			buildConfigurations = (
				329B3972256087E30044ABF6 /* Debug */,
				329B3973256087E30044ABF6 /* Release */,
			);
			defaultConfigurationIsVisible = 0;
			defaultConfigurationName = Release;
		};
		329B3974256087E30044ABF6 /* Build configuration list for PBXNativeTarget "MomenryTest" */ = {
			isa = XCConfigurationList;
			buildConfigurations = (
				329B3975256087E30044ABF6 /* Debug */,
				329B3976256087E30044ABF6 /* Release */,
			);
			defaultConfigurationIsVisible = 0;
			defaultConfigurationName = Release;
		};
		329B3977256087E30044ABF6 /* Build configuration list for PBXNativeTarget "MomenryTestTests" */ = {
			isa = XCConfigurationList;
			buildConfigurations = (
				329B3978256087E30044ABF6 /* Debug */,
				329B3979256087E30044ABF6 /* Release */,
			);
			defaultConfigurationIsVisible = 0;
			defaultConfigurationName = Release;
		};
/* End XCConfigurationList section */
	};
	rootObject = 329B3942256087E20044ABF6 /* Project object */;
}
